
Microsoft Visual Studio Solution File, Format Version 12.00
# Visual Studio Version 17
VisualStudioVersion = 17.14.36616.10 d17.14
MinimumVisualStudioVersion = 10.0.40219.1
Project("{FAE04EC0-301F-11D3-BF4B-00C04F79EFBC}") = "Exception_Project", "Exception_Project\Exception_Project.csproj", "{BB7F8732-3F84-4E3F-8E2F-004F1B11FE52}"
EndProject
Global
	GlobalSection(SolutionConfigurationPlatforms) = preSolution
		Debug|Any CPU = Debug|Any CPU
		Release|Any CPU = Release|Any CPU
	EndGlobalSection
	GlobalSection(ProjectConfigurationPlatforms) = postSolution
		{BB7F8732-3F84-4E3F-8E2F-004F1B11FE52}.Debug|Any CPU.ActiveCfg = Debug|Any CPU
		{BB7F8732-3F84-4E3F-8E2F-004F1B11FE52}.Debug|Any CPU.Build.0 = Debug|Any CPU
		{BB7F8732-3F84-4E3F-8E2F-004F1B11FE52}.Release|Any CPU.ActiveCfg = Release|Any CPU
		{BB7F8732-3F84-4E3F-8E2F-004F1B11FE52}.Release|Any CPU.Build.0 = Release|Any CPU
	EndGlobalSection
	GlobalSection(SolutionProperties) = preSolution
		HideSolutionNode = FALSE
	EndGlobalSection
	GlobalSection(ExtensibilityGlobals) = postSolution
		SolutionGuid = {44ED7B3F-7984-44CB-8337-F960E0199DD8}
	EndGlobalSection
EndGlobal
