
Microsoft Visual Studio Solution File, Format Version 12.00
# Visual Studio Version 17
VisualStudioVersion = 17.14.36616.10 d17.14
MinimumVisualStudioVersion = 10.0.40219.1
Project("{FAE04EC0-301F-11D3-BF4B-00C04F79EFBC}") = "Day5ConsoleApp", "Day5ConsoleApp\Day5ConsoleApp.csproj", "{069AC7E7-481C-4C9C-A8F1-C62DA1345EC2}"
EndProject
Global
	GlobalSection(SolutionConfigurationPlatforms) = preSolution
		Debug|Any CPU = Debug|Any CPU
		Release|Any CPU = Release|Any CPU
	EndGlobalSection
	GlobalSection(ProjectConfigurationPlatforms) = postSolution
		{069AC7E7-481C-4C9C-A8F1-C62DA1345EC2}.Debug|Any CPU.ActiveCfg = Debug|Any CPU
		{069AC7E7-481C-4C9C-A8F1-C62DA1345EC2}.Debug|Any CPU.Build.0 = Debug|Any CPU
		{069AC7E7-481C-4C9C-A8F1-C62DA1345EC2}.Release|Any CPU.ActiveCfg = Release|Any CPU
		{069AC7E7-481C-4C9C-A8F1-C62DA1345EC2}.Release|Any CPU.Build.0 = Release|Any CPU
	EndGlobalSection
	GlobalSection(SolutionProperties) = preSolution
		HideSolutionNode = FALSE
	EndGlobalSection
	GlobalSection(ExtensibilityGlobals) = postSolution
		SolutionGuid = {98F29C7D-09BC-4B78-8B54-6E8DA9095881}
	EndGlobalSection
EndGlobal
