
Microsoft Visual Studio Solution File, Format Version 12.00
# Visual Studio Version 17
VisualStudioVersion = 17.14.36616.10 d17.14
MinimumVisualStudioVersion = 10.0.40219.1
Project("{FAE04EC0-301F-11D3-BF4B-00C04F79EFBC}") = "Day12ConsoleApp", "Day12ConsoleApp\Day12ConsoleApp.csproj", "{D7E80D80-49D6-4CFA-99A9-1DEF22B9707A}"
EndProject
Global
	GlobalSection(SolutionConfigurationPlatforms) = preSolution
		Debug|Any CPU = Debug|Any CPU
		Release|Any CPU = Release|Any CPU
	EndGlobalSection
	GlobalSection(ProjectConfigurationPlatforms) = postSolution
		{D7E80D80-49D6-4CFA-99A9-1DEF22B9707A}.Debug|Any CPU.ActiveCfg = Debug|Any CPU
		{D7E80D80-49D6-4CFA-99A9-1DEF22B9707A}.Debug|Any CPU.Build.0 = Debug|Any CPU
		{D7E80D80-49D6-4CFA-99A9-1DEF22B9707A}.Release|Any CPU.ActiveCfg = Release|Any CPU
		{D7E80D80-49D6-4CFA-99A9-1DEF22B9707A}.Release|Any CPU.Build.0 = Release|Any CPU
	EndGlobalSection
	GlobalSection(SolutionProperties) = preSolution
		HideSolutionNode = FALSE
	EndGlobalSection
	GlobalSection(ExtensibilityGlobals) = postSolution
		SolutionGuid = {B4F1939E-0960-42C9-9487-20B08760A7D3}
	EndGlobalSection
EndGlobal
