
Microsoft Visual Studio Solution File, Format Version 12.00
# Visual Studio Version 17
VisualStudioVersion = 17.14.36616.10 d17.14
MinimumVisualStudioVersion = 10.0.40219.1
Project("{FAE04EC0-301F-11D3-BF4B-00C04F79EFBC}") = "Day4ConsoleApp", "Day4ConsoleApp\Day4ConsoleApp.csproj", "{65F288AE-E57A-49F6-BA4D-13B03BFE1954}"
EndProject
Global
	GlobalSection(SolutionConfigurationPlatforms) = preSolution
		Debug|Any CPU = Debug|Any CPU
		Release|Any CPU = Release|Any CPU
	EndGlobalSection
	GlobalSection(ProjectConfigurationPlatforms) = postSolution
		{65F288AE-E57A-49F6-BA4D-13B03BFE1954}.Debug|Any CPU.ActiveCfg = Debug|Any CPU
		{65F288AE-E57A-49F6-BA4D-13B03BFE1954}.Debug|Any CPU.Build.0 = Debug|Any CPU
		{65F288AE-E57A-49F6-BA4D-13B03BFE1954}.Release|Any CPU.ActiveCfg = Release|Any CPU
		{65F288AE-E57A-49F6-BA4D-13B03BFE1954}.Release|Any CPU.Build.0 = Release|Any CPU
	EndGlobalSection
	GlobalSection(SolutionProperties) = preSolution
		HideSolutionNode = FALSE
	EndGlobalSection
	GlobalSection(ExtensibilityGlobals) = postSolution
		SolutionGuid = {B7BDB86F-E933-4386-BD5F-7B6DDE7922CC}
	EndGlobalSection
EndGlobal
