
Microsoft Visual Studio Solution File, Format Version 12.00
# Visual Studio Version 17
VisualStudioVersion = 17.14.36616.10 d17.14
MinimumVisualStudioVersion = 10.0.40219.1
Project("{FAE04EC0-301F-11D3-BF4B-00C04F79EFBC}") = "TestConsoleApp", "TestConsoleApp\TestConsoleApp.csproj", "{56E42666-98B4-4AE7-9FC5-F465CF39FD4B}"
EndProject
Global
	GlobalSection(SolutionConfigurationPlatforms) = preSolution
		Debug|Any CPU = Debug|Any CPU
		Release|Any CPU = Release|Any CPU
	EndGlobalSection
	GlobalSection(ProjectConfigurationPlatforms) = postSolution
		{56E42666-98B4-4AE7-9FC5-F465CF39FD4B}.Debug|Any CPU.ActiveCfg = Debug|Any CPU
		{56E42666-98B4-4AE7-9FC5-F465CF39FD4B}.Debug|Any CPU.Build.0 = Debug|Any CPU
		{56E42666-98B4-4AE7-9FC5-F465CF39FD4B}.Release|Any CPU.ActiveCfg = Release|Any CPU
		{56E42666-98B4-4AE7-9FC5-F465CF39FD4B}.Release|Any CPU.Build.0 = Release|Any CPU
	EndGlobalSection
	GlobalSection(SolutionProperties) = preSolution
		HideSolutionNode = FALSE
	EndGlobalSection
	GlobalSection(ExtensibilityGlobals) = postSolution
		SolutionGuid = {13D792FE-64CB-4427-B062-21F731DC9EFE}
	EndGlobalSection
EndGlobal
