
Microsoft Visual Studio Solution File, Format Version 12.00
# Visual Studio Version 17
VisualStudioVersion = 17.14.36616.10 d17.14
MinimumVisualStudioVersion = 10.0.40219.1
Project("{FAE04EC0-301F-11D3-BF4B-00C04F79EFBC}") = "MVC_DataFirst", "MVC_DataFirst\MVC_DataFirst.csproj", "{262D9FF6-8BFB-4B80-AA98-344642D22F9F}"
EndProject
Global
	GlobalSection(SolutionConfigurationPlatforms) = preSolution
		Debug|Any CPU = Debug|Any CPU
		Release|Any CPU = Release|Any CPU
	EndGlobalSection
	GlobalSection(ProjectConfigurationPlatforms) = postSolution
		{262D9FF6-8BFB-4B80-AA98-344642D22F9F}.Debug|Any CPU.ActiveCfg = Debug|Any CPU
		{262D9FF6-8BFB-4B80-AA98-344642D22F9F}.Debug|Any CPU.Build.0 = Debug|Any CPU
		{262D9FF6-8BFB-4B80-AA98-344642D22F9F}.Release|Any CPU.ActiveCfg = Release|Any CPU
		{262D9FF6-8BFB-4B80-AA98-344642D22F9F}.Release|Any CPU.Build.0 = Release|Any CPU
	EndGlobalSection
	GlobalSection(SolutionProperties) = preSolution
		HideSolutionNode = FALSE
	EndGlobalSection
	GlobalSection(ExtensibilityGlobals) = postSolution
		SolutionGuid = {38D1751D-62F3-4EE5-A6BE-D0878EC5E507}
	EndGlobalSection
EndGlobal
