
Microsoft Visual Studio Solution File, Format Version 12.00
# Visual Studio Version 17
VisualStudioVersion = 17.14.36616.10 d17.14
MinimumVisualStudioVersion = 10.0.40219.1
Project("{FAE04EC0-301F-11D3-BF4B-00C04F79EFBC}") = "RideEasy", "RideEasy\RideEasy.csproj", "{73EB1932-0713-47E2-9304-7E34ED79069F}"
EndProject
Global
	GlobalSection(SolutionConfigurationPlatforms) = preSolution
		Debug|Any CPU = Debug|Any CPU
		Release|Any CPU = Release|Any CPU
	EndGlobalSection
	GlobalSection(ProjectConfigurationPlatforms) = postSolution
		{73EB1932-0713-47E2-9304-7E34ED79069F}.Debug|Any CPU.ActiveCfg = Debug|Any CPU
		{73EB1932-0713-47E2-9304-7E34ED79069F}.Debug|Any CPU.Build.0 = Debug|Any CPU
		{73EB1932-0713-47E2-9304-7E34ED79069F}.Release|Any CPU.ActiveCfg = Release|Any CPU
		{73EB1932-0713-47E2-9304-7E34ED79069F}.Release|Any CPU.Build.0 = Release|Any CPU
	EndGlobalSection
	GlobalSection(SolutionProperties) = preSolution
		HideSolutionNode = FALSE
	EndGlobalSection
	GlobalSection(ExtensibilityGlobals) = postSolution
		SolutionGuid = {7A178F39-ADAF-4272-BE51-55600DC318C9}
	EndGlobalSection
EndGlobal
