
Microsoft Visual Studio Solution File, Format Version 12.00
# Visual Studio Version 17
VisualStudioVersion = 17.14.36616.10 d17.14
MinimumVisualStudioVersion = 10.0.40219.1
Project("{FAE04EC0-301F-11D3-BF4B-00C04F79EFBC}") = "WebService_Prj1", "WebService_Prj1\WebService_Prj1.csproj", "{19042626-0951-4132-80B6-39FD712A0592}"
EndProject
Project("{FAE04EC0-301F-11D3-BF4B-00C04F79EFBC}") = "Webservice_Client", "Webservice_Client\Webservice_Client.csproj", "{A43CB24F-DB53-4E95-8434-F4B508EA5E71}"
	ProjectSection(ProjectDependencies) = postProject
		{19042626-0951-4132-80B6-39FD712A0592} = {19042626-0951-4132-80B6-39FD712A0592}
	EndProjectSection
EndProject
Global
	GlobalSection(SolutionConfigurationPlatforms) = preSolution
		Debug|Any CPU = Debug|Any CPU
		Release|Any CPU = Release|Any CPU
	EndGlobalSection
	GlobalSection(ProjectConfigurationPlatforms) = postSolution
		{19042626-0951-4132-80B6-39FD712A0592}.Debug|Any CPU.ActiveCfg = Debug|Any CPU
		{19042626-0951-4132-80B6-39FD712A0592}.Debug|Any CPU.Build.0 = Debug|Any CPU
		{19042626-0951-4132-80B6-39FD712A0592}.Release|Any CPU.ActiveCfg = Release|Any CPU
		{19042626-0951-4132-80B6-39FD712A0592}.Release|Any CPU.Build.0 = Release|Any CPU
		{A43CB24F-DB53-4E95-8434-F4B508EA5E71}.Debug|Any CPU.ActiveCfg = Debug|Any CPU
		{A43CB24F-DB53-4E95-8434-F4B508EA5E71}.Debug|Any CPU.Build.0 = Debug|Any CPU
		{A43CB24F-DB53-4E95-8434-F4B508EA5E71}.Release|Any CPU.ActiveCfg = Release|Any CPU
		{A43CB24F-DB53-4E95-8434-F4B508EA5E71}.Release|Any CPU.Build.0 = Release|Any CPU
	EndGlobalSection
	GlobalSection(SolutionProperties) = preSolution
		HideSolutionNode = FALSE
	EndGlobalSection
	GlobalSection(ExtensibilityGlobals) = postSolution
		SolutionGuid = {4B3D8301-4903-4BA1-866B-D1A77698A2DE}
	EndGlobalSection
EndGlobal
