
Microsoft Visual Studio Solution File, Format Version 12.00
# Visual Studio Version 17
VisualStudioVersion = 17.14.36616.10 d17.14
MinimumVisualStudioVersion = 10.0.40219.1
Project("{FAE04EC0-301F-11D3-BF4B-00C04F79EFBC}") = "SQLConsoleApp", "SQLConsoleApp\SQLConsoleApp.csproj", "{556CD135-F79F-4139-8B8F-EF3089CC8B3E}"
EndProject
Global
	GlobalSection(SolutionConfigurationPlatforms) = preSolution
		Debug|Any CPU = Debug|Any CPU
		Release|Any CPU = Release|Any CPU
	EndGlobalSection
	GlobalSection(ProjectConfigurationPlatforms) = postSolution
		{556CD135-F79F-4139-8B8F-EF3089CC8B3E}.Debug|Any CPU.ActiveCfg = Debug|Any CPU
		{556CD135-F79F-4139-8B8F-EF3089CC8B3E}.Debug|Any CPU.Build.0 = Debug|Any CPU
		{556CD135-F79F-4139-8B8F-EF3089CC8B3E}.Release|Any CPU.ActiveCfg = Release|Any CPU
		{556CD135-F79F-4139-8B8F-EF3089CC8B3E}.Release|Any CPU.Build.0 = Release|Any CPU
	EndGlobalSection
	GlobalSection(SolutionProperties) = preSolution
		HideSolutionNode = FALSE
	EndGlobalSection
	GlobalSection(ExtensibilityGlobals) = postSolution
		SolutionGuid = {4DA99D79-CE08-40B7-BC76-84E692066C44}
	EndGlobalSection
EndGlobal
