
Microsoft Visual Studio Solution File, Format Version 12.00
# Visual Studio Version 17
VisualStudioVersion = 17.14.36616.10 d17.14
MinimumVisualStudioVersion = 10.0.40219.1
Project("{FAE04EC0-301F-11D3-BF4B-00C04F79EFBC}") = "Day10ConsoleApp", "Day10ConsoleApp\Day10ConsoleApp.csproj", "{46FD5802-73FE-4A93-B209-F61427DBDD8B}"
EndProject
Global
	GlobalSection(SolutionConfigurationPlatforms) = preSolution
		Debug|Any CPU = Debug|Any CPU
		Release|Any CPU = Release|Any CPU
	EndGlobalSection
	GlobalSection(ProjectConfigurationPlatforms) = postSolution
		{46FD5802-73FE-4A93-B209-F61427DBDD8B}.Debug|Any CPU.ActiveCfg = Debug|Any CPU
		{46FD5802-73FE-4A93-B209-F61427DBDD8B}.Debug|Any CPU.Build.0 = Debug|Any CPU
		{46FD5802-73FE-4A93-B209-F61427DBDD8B}.Release|Any CPU.ActiveCfg = Release|Any CPU
		{46FD5802-73FE-4A93-B209-F61427DBDD8B}.Release|Any CPU.Build.0 = Release|Any CPU
	EndGlobalSection
	GlobalSection(SolutionProperties) = preSolution
		HideSolutionNode = FALSE
	EndGlobalSection
	GlobalSection(ExtensibilityGlobals) = postSolution
		SolutionGuid = {27D13774-AAF4-4DE0-8F9B-80EDB2FDAC58}
	EndGlobalSection
EndGlobal
