
Microsoft Visual Studio Solution File, Format Version 12.00
# Visual Studio Version 17
VisualStudioVersion = 17.14.36616.10 d17.14
MinimumVisualStudioVersion = 10.0.40219.1
Project("{FAE04EC0-301F-11D3-BF4B-00C04F79EFBC}") = "Day16ConsoleApp", "Day16ConsoleApp\Day16ConsoleApp.csproj", "{1FA5C106-B36B-482B-8DB3-6E7E6743FF1D}"
EndProject
Global
	GlobalSection(SolutionConfigurationPlatforms) = preSolution
		Debug|Any CPU = Debug|Any CPU
		Release|Any CPU = Release|Any CPU
	EndGlobalSection
	GlobalSection(ProjectConfigurationPlatforms) = postSolution
		{1FA5C106-B36B-482B-8DB3-6E7E6743FF1D}.Debug|Any CPU.ActiveCfg = Debug|Any CPU
		{1FA5C106-B36B-482B-8DB3-6E7E6743FF1D}.Debug|Any CPU.Build.0 = Debug|Any CPU
		{1FA5C106-B36B-482B-8DB3-6E7E6743FF1D}.Release|Any CPU.ActiveCfg = Release|Any CPU
		{1FA5C106-B36B-482B-8DB3-6E7E6743FF1D}.Release|Any CPU.Build.0 = Release|Any CPU
	EndGlobalSection
	GlobalSection(SolutionProperties) = preSolution
		HideSolutionNode = FALSE
	EndGlobalSection
	GlobalSection(ExtensibilityGlobals) = postSolution
		SolutionGuid = {2BF2DDF3-FBB7-41C4-B3BE-5C7F91A1FEB5}
	EndGlobalSection
EndGlobal
