
Microsoft Visual Studio Solution File, Format Version 12.00
# Visual Studio Version 17
VisualStudioVersion = 17.14.36616.10 d17.14
MinimumVisualStudioVersion = 10.0.40219.1
Project("{FAE04EC0-301F-11D3-BF4B-00C04F79EFBC}") = "WebApplication2", "WebApplication2\WebApplication2.csproj", "{AE64C111-4436-4142-93A9-7A0A6CAC5175}"
EndProject
Global
	GlobalSection(SolutionConfigurationPlatforms) = preSolution
		Debug|Any CPU = Debug|Any CPU
		Release|Any CPU = Release|Any CPU
	EndGlobalSection
	GlobalSection(ProjectConfigurationPlatforms) = postSolution
		{AE64C111-4436-4142-93A9-7A0A6CAC5175}.Debug|Any CPU.ActiveCfg = Debug|Any CPU
		{AE64C111-4436-4142-93A9-7A0A6CAC5175}.Debug|Any CPU.Build.0 = Debug|Any CPU
		{AE64C111-4436-4142-93A9-7A0A6CAC5175}.Release|Any CPU.ActiveCfg = Release|Any CPU
		{AE64C111-4436-4142-93A9-7A0A6CAC5175}.Release|Any CPU.Build.0 = Release|Any CPU
	EndGlobalSection
	GlobalSection(SolutionProperties) = preSolution
		HideSolutionNode = FALSE
	EndGlobalSection
	GlobalSection(ExtensibilityGlobals) = postSolution
		SolutionGuid = {934D2ACF-9528-415A-854D-D56B8F370359}
	EndGlobalSection
EndGlobal
