
Microsoft Visual Studio Solution File, Format Version 12.00
# Visual Studio Version 17
VisualStudioVersion = 17.14.36616.10 d17.14
MinimumVisualStudioVersion = 10.0.40219.1
Project("{FAE04EC0-301F-11D3-BF4B-00C04F79EFBC}") = "Question1", "Question1\Question1.csproj", "{238F8D12-7DF2-4077-A76F-ED14FAB86CD8}"
EndProject
Global
	GlobalSection(SolutionConfigurationPlatforms) = preSolution
		Debug|Any CPU = Debug|Any CPU
		Release|Any CPU = Release|Any CPU
	EndGlobalSection
	GlobalSection(ProjectConfigurationPlatforms) = postSolution
		{238F8D12-7DF2-4077-A76F-ED14FAB86CD8}.Debug|Any CPU.ActiveCfg = Debug|Any CPU
		{238F8D12-7DF2-4077-A76F-ED14FAB86CD8}.Debug|Any CPU.Build.0 = Debug|Any CPU
		{238F8D12-7DF2-4077-A76F-ED14FAB86CD8}.Release|Any CPU.ActiveCfg = Release|Any CPU
		{238F8D12-7DF2-4077-A76F-ED14FAB86CD8}.Release|Any CPU.Build.0 = Release|Any CPU
	EndGlobalSection
	GlobalSection(SolutionProperties) = preSolution
		HideSolutionNode = FALSE
	EndGlobalSection
	GlobalSection(ExtensibilityGlobals) = postSolution
		SolutionGuid = {209D9318-3B6C-4BE7-B16C-6FA3850C4470}
	EndGlobalSection
EndGlobal
