
Microsoft Visual Studio Solution File, Format Version 12.00
# Visual Studio Version 17
VisualStudioVersion = 17.14.36616.10 d17.14
MinimumVisualStudioVersion = 10.0.40219.1
Project("{FAE04EC0-301F-11D3-BF4B-00C04F79EFBC}") = "Day13ConsoleApp1", "Day13ConsoleApp1\Day13ConsoleApp1.csproj", "{19AC15F8-C44C-4DD6-BDE2-3A8C463B7BA1}"
EndProject
Global
	GlobalSection(SolutionConfigurationPlatforms) = preSolution
		Debug|Any CPU = Debug|Any CPU
		Release|Any CPU = Release|Any CPU
	EndGlobalSection
	GlobalSection(ProjectConfigurationPlatforms) = postSolution
		{19AC15F8-C44C-4DD6-BDE2-3A8C463B7BA1}.Debug|Any CPU.ActiveCfg = Debug|Any CPU
		{19AC15F8-C44C-4DD6-BDE2-3A8C463B7BA1}.Debug|Any CPU.Build.0 = Debug|Any CPU
		{19AC15F8-C44C-4DD6-BDE2-3A8C463B7BA1}.Release|Any CPU.ActiveCfg = Release|Any CPU
		{19AC15F8-C44C-4DD6-BDE2-3A8C463B7BA1}.Release|Any CPU.Build.0 = Release|Any CPU
	EndGlobalSection
	GlobalSection(SolutionProperties) = preSolution
		HideSolutionNode = FALSE
	EndGlobalSection
	GlobalSection(ExtensibilityGlobals) = postSolution
		SolutionGuid = {8D7DB7D4-5CAC-466B-B844-48A936669545}
	EndGlobalSection
EndGlobal
