
Microsoft Visual Studio Solution File, Format Version 12.00
# Visual Studio Version 17
VisualStudioVersion = 17.14.36616.10 d17.14
MinimumVisualStudioVersion = 10.0.40219.1
Project("{FAE04EC0-301F-11D3-BF4B-00C04F79EFBC}") = "OnlineUtilityBIllingSystem", "OnlineUtilityBIllingSystem\OnlineUtilityBIllingSystem.csproj", "{02D644E3-69DC-4799-9527-58F1242E37AD}"
EndProject
Global
	GlobalSection(SolutionConfigurationPlatforms) = preSolution
		Debug|Any CPU = Debug|Any CPU
		Release|Any CPU = Release|Any CPU
	EndGlobalSection
	GlobalSection(ProjectConfigurationPlatforms) = postSolution
		{02D644E3-69DC-4799-9527-58F1242E37AD}.Debug|Any CPU.ActiveCfg = Debug|Any CPU
		{02D644E3-69DC-4799-9527-58F1242E37AD}.Debug|Any CPU.Build.0 = Debug|Any CPU
		{02D644E3-69DC-4799-9527-58F1242E37AD}.Release|Any CPU.ActiveCfg = Release|Any CPU
		{02D644E3-69DC-4799-9527-58F1242E37AD}.Release|Any CPU.Build.0 = Release|Any CPU
	EndGlobalSection
	GlobalSection(SolutionProperties) = preSolution
		HideSolutionNode = FALSE
	EndGlobalSection
	GlobalSection(ExtensibilityGlobals) = postSolution
		SolutionGuid = {0B2A9ACC-0571-48C2-9BA1-3788A8AEAA4F}
	EndGlobalSection
EndGlobal
