
Microsoft Visual Studio Solution File, Format Version 12.00
# Visual Studio Version 17
VisualStudioVersion = 17.14.36616.10 d17.14
MinimumVisualStudioVersion = 10.0.40219.1
Project("{FAE04EC0-301F-11D3-BF4B-00C04F79EFBC}") = "CodeFIrstDemo", "CodeFIrstDemo\CodeFIrstDemo.csproj", "{A2069F8E-E4AA-476F-A62B-509229C5D2BD}"
EndProject
Global
	GlobalSection(SolutionConfigurationPlatforms) = preSolution
		Debug|Any CPU = Debug|Any CPU
		Release|Any CPU = Release|Any CPU
	EndGlobalSection
	GlobalSection(ProjectConfigurationPlatforms) = postSolution
		{A2069F8E-E4AA-476F-A62B-509229C5D2BD}.Debug|Any CPU.ActiveCfg = Debug|Any CPU
		{A2069F8E-E4AA-476F-A62B-509229C5D2BD}.Debug|Any CPU.Build.0 = Debug|Any CPU
		{A2069F8E-E4AA-476F-A62B-509229C5D2BD}.Release|Any CPU.ActiveCfg = Release|Any CPU
		{A2069F8E-E4AA-476F-A62B-509229C5D2BD}.Release|Any CPU.Build.0 = Release|Any CPU
	EndGlobalSection
	GlobalSection(SolutionProperties) = preSolution
		HideSolutionNode = FALSE
	EndGlobalSection
	GlobalSection(ExtensibilityGlobals) = postSolution
		SolutionGuid = {0892E416-C8D0-463B-96AE-B1FFD1390B8D}
	EndGlobalSection
EndGlobal
